{
  "name": "resy-avail",
  "version": "1.0.0",
  "lockfileVersion": 3,
  "requires": true,
  "packages": {
    "": {
      "name": "resy-avail",
      "version": "1.0.0",
      "license": "ISC",
      "dependencies": {
        "header-generator": "^2.1.80",
        "node-fetch": "^3.3.2"
      }
    },
    "node_modules/@sindresorhus/is": {
      "version": "4.6.0",
      "resolved": "https://registry.npmjs.org/@sindresorhus/is/-/is-4.6.0.tgz",
      "integrity": "sha512-t09vSN3MdfsyCHoFcTRCH/iUtG7OJ0CsjzB8cjAmKc/va/kIgeDI/TxsigdncE/4be734m0cvIYwNaV4i2XqAw==",
      "license": "MIT",
      "engines": {
        "node": ">=10"
      },
      "funding": {
        "url": "https://github.com/sindresorhus/is?sponsor=1"
      }
    },
    "node_modules/adm-zip": {
      "version": "0.5.16",
      "resolved": "https://registry.npmjs.org/adm-zip/-/adm-zip-0.5.16.tgz",
      "integrity": "sha512-TGw5yVi4saajsSEgz25grObGHEUaDrniwvA2qwSC060KfqGPdglhvPMA2lPIoxs3PQIItj2iag35fONcQqgUaQ==",
      "license": "MIT",
      "engines": {
        "node": ">=12.0"
      }
    },
    "node_modules/baseline-browser-mapping": {
      "version": "2.9.19",
      "resolved": "https://registry.npmjs.org/baseline-browser-mapping/-/baseline-browser-mapping-2.9.19.tgz",
      "integrity": "sha512-ipDqC8FrAl/76p2SSWKSI+H9tFwm7vYqXQrItCuiVPt26Km0jS+NzSsBWAaBusvSbQcfJG+JitdMm+wZAgTYqg==",
      "license": "Apache-2.0",
      "bin": {
        "baseline-browser-mapping": "dist/cli.js"
      }
    },
    "node_modules/browserslist": {
      "version": "4.28.1",
      "resolved": "https://registry.npmjs.org/browserslist/-/browserslist-4.28.1.tgz",
      "integrity": "sha512-ZC5Bd0LgJXgwGqUknZY/vkUQ04r8NXnJZ3yYi4vDmSiZmC/pdSN0NbNRPxZpbtO4uAfDUAFffO8IZoM3Gj8IkA==",
      "funding": [
        {
          "type": "opencollective",
          "url": "https://opencollective.com/browserslist"
        },
        {
          "type": "tidelift",
          "url": "https://tidelift.com/funding/github/npm/browserslist"
        },
        {
          "type": "github",
          "url": "https://github.com/sponsors/ai"
        }
      ],
      "license": "MIT",
      "dependencies": {
        "baseline-browser-mapping": "^2.9.0",
        "caniuse-lite": "^1.0.30001759",
        "electron-to-chromium": "^1.5.263",
        "node-releases": "^2.0.27",
        "update-browserslist-db": "^1.2.0"
      },
      "bin": {
        "browserslist": "cli.js"
      },
      "engines": {
        "node": "^6 || ^7 || ^8 || ^9 || ^10 || ^11 || ^12 || >=13.7"
      }
    },
    "node_modules/callsites": {
      "version": "3.1.0",
      "resolved": "https://registry.npmjs.org/callsites/-/callsites-3.1.0.tgz",
      "integrity": "sha512-P8BjAsXvZS+VIDUI11hHCQEv74YT67YUi5JJFNWIqL235sBmjX4+qx9Muvls5ivyNENctx46xQLQ3aTuE7ssaQ==",
      "license": "MIT",
      "engines": {
        "node": ">=6"
      }
    },
    "node_modules/caniuse-lite": {
      "version": "1.0.30001769",
      "resolved": "https://registry.npmjs.org/caniuse-lite/-/caniuse-lite-1.0.30001769.tgz",
      "integrity": "sha512-BCfFL1sHijQlBGWBMuJyhZUhzo7wer5sVj9hqekB/7xn0Ypy+pER/edCYQm4exbXj4WiySGp40P8UuTh6w1srg==",
      "funding": [
        {
          "type": "opencollective",
          "url": "https://opencollective.com/browserslist"
        },
        {
          "type": "tidelift",
          "url": "https://tidelift.com/funding/github/npm/caniuse-lite"
        },
        {
          "type": "github",
          "url": "https://github.com/sponsors/ai"
        }
      ],
      "license": "CC-BY-4.0"
    },
    "node_modules/data-uri-to-buffer": {
      "version": "4.0.1",
      "resolved": "https://registry.npmjs.org/data-uri-to-buffer/-/data-uri-to-buffer-4.0.1.tgz",
      "integrity": "sha512-0R9ikRb668HB7QDxT1vkpuUBtqc53YyAwMwGeUFKRojY/NWKvdZ+9UYtRfGmhqNbRkTSVpMbmyhXipFFv2cb/A==",
      "license": "MIT",
      "engines": {
        "node": ">= 12"
      }
    },
    "node_modules/dot-prop": {
      "version": "6.0.1",
      "resolved": "https://registry.npmjs.org/dot-prop/-/dot-prop-6.0.1.tgz",
      "integrity": "sha512-tE7ztYzXHIeyvc7N+hR3oi7FIbf/NIjVP9hmAt3yMXzrQ072/fpjGLx2GxNxGxUl5V73MEqYzioOMoVhGMJ5cA==",
      "license": "MIT",
      "dependencies": {
        "is-obj": "^2.0.0"
      },
      "engines": {
        "node": ">=10"
      },
      "funding": {
        "url": "https://github.com/sponsors/sindresorhus"
      }
    },
    "node_modules/electron-to-chromium": {
      "version": "1.5.286",
      "resolved": "https://registry.npmjs.org/electron-to-chromium/-/electron-to-chromium-1.5.286.tgz",
      "integrity": "sha512-9tfDXhJ4RKFNerfjdCcZfufu49vg620741MNs26a9+bhLThdB+plgMeou98CAaHu/WATj2iHOOHTp1hWtABj2A==",
      "license": "ISC"
    },
    "node_modules/escalade": {
      "version": "3.2.0",
      "resolved": "https://registry.npmjs.org/escalade/-/escalade-3.2.0.tgz",
      "integrity": "sha512-WUj2qlxaQtO4g6Pq5c29GTcWGDyd8itL8zTlipgECz3JesAiiOKotd8JU6otB3PACgG6xkJUyVhboMS+bje/jA==",
      "license": "MIT",
      "engines": {
        "node": ">=6"
      }
    },
    "node_modules/fetch-blob": {
      "version": "3.2.0",
      "resolved": "https://registry.npmjs.org/fetch-blob/-/fetch-blob-3.2.0.tgz",
      "integrity": "sha512-7yAQpD2UMJzLi1Dqv7qFYnPbaPx7ZfFK6PiIxQ4PfkGPyNyl2Ugx+a/umUonmKqjhM4DnfbMvdX6otXq83soQQ==",
      "funding": [
        {
          "type": "github",
          "url": "https://github.com/sponsors/jimmywarting"
        },
        {
          "type": "paypal",
          "url": "https://paypal.me/jimmywarting"
        }
      ],
      "license": "MIT",
      "dependencies": {
        "node-domexception": "^1.0.0",
        "web-streams-polyfill": "^3.0.3"
      },
      "engines": {
        "node": "^12.20 || >= 14.13"
      }
    },
    "node_modules/formdata-polyfill": {
      "version": "4.0.10",
      "resolved": "https://registry.npmjs.org/formdata-polyfill/-/formdata-polyfill-4.0.10.tgz",
      "integrity": "sha512-buewHzMvYL29jdeQTVILecSaZKnt/RJWjoZCF5OW60Z67/GmSLBkOFM7qh1PI3zFNtJbaZL5eQu1vLfazOwj4g==",
      "license": "MIT",
      "dependencies": {
        "fetch-blob": "^3.1.2"
      },
      "engines": {
        "node": ">=12.20.0"
      }
    },
    "node_modules/generative-bayesian-network": {
      "version": "2.1.80",
      "resolved": "https://registry.npmjs.org/generative-bayesian-network/-/generative-bayesian-network-2.1.80.tgz",
      "integrity": "sha512-LyCc23TIFvZDkUJclZ3ixCZvd+dhktr9Aug1EKz5VrfJ2eA5J2HrprSwWRna3VObU2Wy8quXMUF8j2em0bJSLw==",
      "license": "Apache-2.0",
      "dependencies": {
        "adm-zip": "^0.5.9",
        "tslib": "^2.4.0"
      }
    },
    "node_modules/header-generator": {
      "version": "2.1.80",
      "resolved": "https://registry.npmjs.org/header-generator/-/header-generator-2.1.80.tgz",
      "integrity": "sha512-7gvv2Xm6Q0gNN3BzMD/D3sGvSJRcV1+k8XehPmBYTpTkBmKshwnYyi0jJJnpP3S6YP7vdOoEobeBV87aG9YTtQ==",
      "license": "Apache-2.0",
      "dependencies": {
        "browserslist": "^4.21.1",
        "generative-bayesian-network": "^2.1.80",
        "ow": "^0.28.1",
        "tslib": "^2.4.0"
      },
      "engines": {
        "node": ">=16.0.0"
      }
    },
    "node_modules/is-obj": {
      "version": "2.0.0",
      "resolved": "https://registry.npmjs.org/is-obj/-/is-obj-2.0.0.tgz",
      "integrity": "sha512-drqDG3cbczxxEJRoOXcOjtdp1J/lyp1mNn0xaznRs8+muBhgQcrnbspox5X5fOw0HnMnbfDzvnEMEtqDEJEo8w==",
      "license": "MIT",
      "engines": {
        "node": ">=8"
      }
    },
    "node_modules/lodash.isequal": {
      "version": "4.5.0",
      "resolved": "https://registry.npmjs.org/lodash.isequal/-/lodash.isequal-4.5.0.tgz",
      "integrity": "sha512-pDo3lu8Jhfjqls6GkMgpahsF9kCyayhgykjyLMNFTKWrpVdAQtYyB4muAMWozBB4ig/dtWAmsMxLEI8wuz+DYQ==",
      "deprecated": "This package is deprecated. Use require('node:util').isDeepStrictEqual instead.",
      "license": "MIT"
    },
    "node_modules/node-domexception": {
      "version": "1.0.0",
      "resolved": "https://registry.npmjs.org/node-domexception/-/node-domexception-1.0.0.tgz",
      "integrity": "sha512-/jKZoMpw0F8GRwl4/eLROPA3cfcXtLApP0QzLmUT/HuPCZWyB7IY9ZrMeKw2O/nFIqPQB3PVM9aYm0F312AXDQ==",
      "deprecated": "Use your platform's native DOMException instead",
      "funding": [
        {
          "type": "github",
          "url": "https://github.com/sponsors/jimmywarting"
        },
        {
          "type": "github",
          "url": "https://paypal.me/jimmywarting"
        }
      ],
      "license": "MIT",
      "engines": {
        "node": ">=10.5.0"
      }
    },
    "node_modules/node-fetch": {
      "version": "3.3.2",
      "resolved": "https://registry.npmjs.org/node-fetch/-/node-fetch-3.3.2.tgz",
      "integrity": "sha512-dRB78srN/l6gqWulah9SrxeYnxeddIG30+GOqK/9OlLVyLg3HPnr6SqOWTWOXKRwC2eGYCkZ59NNuSgvSrpgOA==",
      "license": "MIT",
      "dependencies": {
        "data-uri-to-buffer": "^4.0.0",
        "fetch-blob": "^3.1.4",
        "formdata-polyfill": "^4.0.10"
      },
      "engines": {
        "node": "^12.20.0 || ^14.13.1 || >=16.0.0"
      },
      "funding": {
        "type": "opencollective",
        "url": "https://opencollective.com/node-fetch"
      }
    },
    "node_modules/node-releases": {
      "version": "2.0.27",
      "resolved": "https://registry.npmjs.org/node-releases/-/node-releases-2.0.27.tgz",
      "integrity": "sha512-nmh3lCkYZ3grZvqcCH+fjmQ7X+H0OeZgP40OierEaAptX4XofMh5kwNbWh7lBduUzCcV/8kZ+NDLCwm2iorIlA==",
      "license": "MIT"
    },
    "node_modules/ow": {
      "version": "0.28.2",
      "resolved": "https://registry.npmjs.org/ow/-/ow-0.28.2.tgz",
      "integrity": "sha512-dD4UpyBh/9m4X2NVjA+73/ZPBRF+uF4zIMFvvQsabMiEK8x41L3rQ8EENOi35kyyoaJwNxEeJcP6Fj1H4U409Q==",
      "license": "MIT",
      "dependencies": {
        "@sindresorhus/is": "^4.2.0",
        "callsites": "^3.1.0",
        "dot-prop": "^6.0.1",
        "lodash.isequal": "^4.5.0",
        "vali-date": "^1.0.0"
      },
      "engines": {
        "node": ">=12"
      },
      "funding": {
        "url": "https://github.com/sponsors/sindresorhus"
      }
    },
    "node_modules/picocolors": {
      "version": "1.1.1",
      "resolved": "https://registry.npmjs.org/picocolors/-/picocolors-1.1.1.tgz",
      "integrity": "sha512-xceH2snhtb5M9liqDsmEw56le376mTZkEX/jEb/RxNFyegNul7eNslCXP9FDj/Lcu0X8KEyMceP2ntpaHrDEVA==",
      "license": "ISC"
    },
    "node_modules/tslib": {
      "version": "2.8.1",
      "resolved": "https://registry.npmjs.org/tslib/-/tslib-2.8.1.tgz",
      "integrity": "sha512-oJFu94HQb+KVduSUQL7wnpmqnfmLsOA/nAh6b6EH0wCEoK0/mPeXU6c3wKDV83MkOuHPRHtSXKKU99IBazS/2w==",
      "license": "0BSD"
    },
    "node_modules/update-browserslist-db": {
      "version": "1.2.3",
      "resolved": "https://registry.npmjs.org/update-browserslist-db/-/update-browserslist-db-1.2.3.tgz",
      "integrity": "sha512-Js0m9cx+qOgDxo0eMiFGEueWztz+d4+M3rGlmKPT+T4IS/jP4ylw3Nwpu6cpTTP8R1MAC1kF4VbdLt3ARf209w==",
      "funding": [
        {
          "type": "opencollective",
          "url": "https://opencollective.com/browserslist"
        },
        {
          "type": "tidelift",
          "url": "https://tidelift.com/funding/github/npm/browserslist"
        },
        {
          "type": "github",
          "url": "https://github.com/sponsors/ai"
        }
      ],
      "license": "MIT",
      "dependencies": {
        "escalade": "^3.2.0",
        "picocolors": "^1.1.1"
      },
      "bin": {
        "update-browserslist-db": "cli.js"
      },
      "peerDependencies": {
        "browserslist": ">= 4.21.0"
      }
    },
    "node_modules/vali-date": {
      "version": "1.0.0",
      "resolved": "https://registry.npmjs.org/vali-date/-/vali-date-1.0.0.tgz",
      "integrity": "sha512-sgECfZthyaCKW10N0fm27cg8HYTFK5qMWgypqkXMQ4Wbl/zZKx7xZICgcoxIIE+WFAP/MBL2EFwC/YvLxw3Zeg==",
      "license": "MIT",
      "engines": {
        "node": ">=0.10.0"
      }
    },
    "node_modules/web-streams-polyfill": {
      "version": "3.3.3",
      "resolved": "https://registry.npmjs.org/web-streams-polyfill/-/web-streams-polyfill-3.3.3.tgz",
      "integrity": "sha512-d2JWLCivmZYTSIoge9MsgFCZrt571BikcWGYkjC1khllbTeDlGqZ2D8vD8E/lJa8WGWbb7Plm8/XJYV7IJHZZw==",
      "license": "MIT",
      "engines": {
        "node": ">= 8"
      }
    }
  }
}
